// !$*UTF8*$!
{
	archiveVersion = 1;
	classes = {
	};
	objectVersion = 56;
	objects = {

/* Begin PBXBuildFile section */
		BC0A9FD22AEE50C400C6AEAF /* Follower.swift in Sources */ = {isa = PBXBuildFile; fileRef = BC0A9FD12AEE50C400C6AEAF /* Follower.swift */; };
		BC0A9FD42AEE519200C6AEAF /* User.swift in Sources */ = {isa = PBXBuildFile; fileRef = BC0A9FD32AEE519200C6AEAF /* User.swift */; };
		BC0A9FD72AEE57D300C6AEAF /* NetworkManager.swift in Sources */ = {isa = PBXBuildFile; fileRef = BC0A9FD62AEE57D300C6AEAF /* NetworkManager.swift */; };
		BC0A9FDD2AEF999000C6AEAF /* FollowerCell.swift in Sources */ = {isa = PBXBuildFile; fileRef = BC0A9FDC2AEF999000C6AEAF /* FollowerCell.swift */; };
		BC0A9FDF2AEF9A7B00C6AEAF /* GHAvatarImageView.swift in Sources */ = {isa = PBXBuildFile; fileRef = BC0A9FDE2AEF9A7B00C6AEAF /* GHAvatarImageView.swift */; };
		BC0A9FE12AEFB6A300C6AEAF /* UIHelper.swift in Sources */ = {isa = PBXBuildFile; fileRef = BC0A9FE02AEFB6A300C6AEAF /* UIHelper.swift */; };
		BC0A9FEB2AEFD58700C6AEAF /* GHEmptyStateView.swift in Sources */ = {isa = PBXBuildFile; fileRef = BC0A9FEA2AEFD58700C6AEAF /* GHEmptyStateView.swift */; };
		BC4915A02AF3A4DA005DAB5E /* Date+Ext.swift in Sources */ = {isa = PBXBuildFile; fileRef = BC49159F2AF3A4DA005DAB5E /* Date+Ext.swift */; };
		BC4915A22AF3A51A005DAB5E /* String+Ext.swift in Sources */ = {isa = PBXBuildFile; fileRef = BC4915A12AF3A51A005DAB5E /* String+Ext.swift */; };
		BC4DFC0F2AF0EFEB00C27076 /* UserInfoViewController.swift in Sources */ = {isa = PBXBuildFile; fileRef = BC4DFC0E2AF0EFEB00C27076 /* UserInfoViewController.swift */; };
		BC4DFC112AF0FD6B00C27076 /* GHError.swift in Sources */ = {isa = PBXBuildFile; fileRef = BC4DFC102AF0FD6B00C27076 /* GHError.swift */; };
		BC4DFC132AF100DF00C27076 /* GHUserInfoHeaderViewController.swift in Sources */ = {isa = PBXBuildFile; fileRef = BC4DFC122AF100DF00C27076 /* GHUserInfoHeaderViewController.swift */; };
		BC4DFC152AF1015700C27076 /* GHSecondaryTitleLabel.swift in Sources */ = {isa = PBXBuildFile; fileRef = BC4DFC142AF1015700C27076 /* GHSecondaryTitleLabel.swift */; };
		BC4DFC172AF10A5500C27076 /* Constants.swift in Sources */ = {isa = PBXBuildFile; fileRef = BC4DFC162AF10A5500C27076 /* Constants.swift */; };
		BC4DFC192AF1131100C27076 /* GHItemInfoView.swift in Sources */ = {isa = PBXBuildFile; fileRef = BC4DFC182AF1131100C27076 /* GHItemInfoView.swift */; };
		BC4DFC1B2AF117C800C27076 /* GHItemInfoViewController.swift in Sources */ = {isa = PBXBuildFile; fileRef = BC4DFC1A2AF117C800C27076 /* GHItemInfoViewController.swift */; };
		BC4DFC1F2AF11A9100C27076 /* GHRepoItemViewController.swift in Sources */ = {isa = PBXBuildFile; fileRef = BC4DFC1E2AF11A9100C27076 /* GHRepoItemViewController.swift */; };
		BC4DFC212AF11C8200C27076 /* GHFollowerItemViewController.swift in Sources */ = {isa = PBXBuildFile; fileRef = BC4DFC202AF11C8200C27076 /* GHFollowerItemViewController.swift */; };
		BC5827212AEAC921009840FB /* AppDelegate.swift in Sources */ = {isa = PBXBuildFile; fileRef = BC5827202AEAC921009840FB /* AppDelegate.swift */; };
		BC5827232AEAC921009840FB /* SceneDelegate.swift in Sources */ = {isa = PBXBuildFile; fileRef = BC5827222AEAC921009840FB /* SceneDelegate.swift */; };
		BC58272A2AEAC922009840FB /* Assets.xcassets in Resources */ = {isa = PBXBuildFile; fileRef = BC5827292AEAC922009840FB /* Assets.xcassets */; };
		BC58272D2AEAC922009840FB /* LaunchScreen.storyboard in Resources */ = {isa = PBXBuildFile; fileRef = BC58272B2AEAC922009840FB /* LaunchScreen.storyboard */; };
		BC5827352AEAD0D6009840FB /* GHSearchViewController.swift in Sources */ = {isa = PBXBuildFile; fileRef = BC5827342AEAD0D6009840FB /* GHSearchViewController.swift */; };
		BC5827372AEAD105009840FB /* GHFavoritesListViewController.swift in Sources */ = {isa = PBXBuildFile; fileRef = BC5827362AEAD105009840FB /* GHFavoritesListViewController.swift */; };
		BC69A30D2AED00BF005AB436 /* GHButton.swift in Sources */ = {isa = PBXBuildFile; fileRef = BC69A30C2AED00BF005AB436 /* GHButton.swift */; };
		BC69A30F2AED052F005AB436 /* GHTextField.swift in Sources */ = {isa = PBXBuildFile; fileRef = BC69A30E2AED052F005AB436 /* GHTextField.swift */; };
		BC69A3132AED1686005AB436 /* GHFollowerListViewController.swift in Sources */ = {isa = PBXBuildFile; fileRef = BC69A3122AED1686005AB436 /* GHFollowerListViewController.swift */; };
		BC69A3152AED1EBB005AB436 /* GHTitleLabel.swift in Sources */ = {isa = PBXBuildFile; fileRef = BC69A3142AED1EBB005AB436 /* GHTitleLabel.swift */; };
		BC69A3172AED2033005AB436 /* GHBodyLabel.swift in Sources */ = {isa = PBXBuildFile; fileRef = BC69A3162AED2033005AB436 /* GHBodyLabel.swift */; };
		BC69A3192AED211B005AB436 /* GHAlertViewController.swift in Sources */ = {isa = PBXBuildFile; fileRef = BC69A3182AED211B005AB436 /* GHAlertViewController.swift */; };
		BC69A31B2AED2839005AB436 /* UIViewController+Ext.swift in Sources */ = {isa = PBXBuildFile; fileRef = BC69A31A2AED2839005AB436 /* UIViewController+Ext.swift */; };
/* End PBXBuildFile section */

/* Begin PBXFileReference section */
		BC0A9FD12AEE50C400C6AEAF /* Follower.swift */ = {isa = PBXFileReference; lastKnownFileType = sourcecode.swift; path = Follower.swift; sourceTree = "<group>"; };
		BC0A9FD32AEE519200C6AEAF /* User.swift */ = {isa = PBXFileReference; lastKnownFileType = sourcecode.swift; path = User.swift; sourceTree = "<group>"; };
		BC0A9FD62AEE57D300C6AEAF /* NetworkManager.swift */ = {isa = PBXFileReference; lastKnownFileType = sourcecode.swift; path = NetworkManager.swift; sourceTree = "<group>"; };
		BC0A9FDC2AEF999000C6AEAF /* FollowerCell.swift */ = {isa = PBXFileReference; lastKnownFileType = sourcecode.swift; path = FollowerCell.swift; sourceTree = "<group>"; };
		BC0A9FDE2AEF9A7B00C6AEAF /* GHAvatarImageView.swift */ = {isa = PBXFileReference; lastKnownFileType = sourcecode.swift; path = GHAvatarImageView.swift; sourceTree = "<group>"; };
		BC0A9FE02AEFB6A300C6AEAF /* UIHelper.swift */ = {isa = PBXFileReference; lastKnownFileType = sourcecode.swift; path = UIHelper.swift; sourceTree = "<group>"; };
		BC0A9FEA2AEFD58700C6AEAF /* GHEmptyStateView.swift */ = {isa = PBXFileReference; lastKnownFileType = sourcecode.swift; path = GHEmptyStateView.swift; sourceTree = "<group>"; };
		BC49159F2AF3A4DA005DAB5E /* Date+Ext.swift */ = {isa = PBXFileReference; lastKnownFileType = sourcecode.swift; path = "Date+Ext.swift"; sourceTree = "<group>"; };
		BC4915A12AF3A51A005DAB5E /* String+Ext.swift */ = {isa = PBXFileReference; lastKnownFileType = sourcecode.swift; path = "String+Ext.swift"; sourceTree = "<group>"; };
		BC4DFC0E2AF0EFEB00C27076 /* UserInfoViewController.swift */ = {isa = PBXFileReference; lastKnownFileType = sourcecode.swift; path = UserInfoViewController.swift; sourceTree = "<group>"; };
		BC4DFC102AF0FD6B00C27076 /* GHError.swift */ = {isa = PBXFileReference; lastKnownFileType = sourcecode.swift; path = GHError.swift; sourceTree = "<group>"; };
		BC4DFC122AF100DF00C27076 /* GHUserInfoHeaderViewController.swift */ = {isa = PBXFileReference; lastKnownFileType = sourcecode.swift; path = GHUserInfoHeaderViewController.swift; sourceTree = "<group>"; };
		BC4DFC142AF1015700C27076 /* GHSecondaryTitleLabel.swift */ = {isa = PBXFileReference; lastKnownFileType = sourcecode.swift; path = GHSecondaryTitleLabel.swift; sourceTree = "<group>"; };
		BC4DFC162AF10A5500C27076 /* Constants.swift */ = {isa = PBXFileReference; lastKnownFileType = sourcecode.swift; path = Constants.swift; sourceTree = "<group>"; };
		BC4DFC182AF1131100C27076 /* GHItemInfoView.swift */ = {isa = PBXFileReference; lastKnownFileType = sourcecode.swift; path = GHItemInfoView.swift; sourceTree = "<group>"; };
		BC4DFC1A2AF117C800C27076 /* GHItemInfoViewController.swift */ = {isa = PBXFileReference; lastKnownFileType = sourcecode.swift; path = GHItemInfoViewController.swift; sourceTree = "<group>"; };
		BC4DFC1E2AF11A9100C27076 /* GHRepoItemViewController.swift */ = {isa = PBXFileReference; lastKnownFileType = sourcecode.swift; path = GHRepoItemViewController.swift; sourceTree = "<group>"; };
		BC4DFC202AF11C8200C27076 /* GHFollowerItemViewController.swift */ = {isa = PBXFileReference; lastKnownFileType = sourcecode.swift; path = GHFollowerItemViewController.swift; sourceTree = "<group>"; };
		BC58271D2AEAC921009840FB /* GithubProject.app */ = {isa = PBXFileReference; explicitFileType = wrapper.application; includeInIndex = 0; path = GithubProject.app; sourceTree = BUILT_PRODUCTS_DIR; };
		BC5827202AEAC921009840FB /* AppDelegate.swift */ = {isa = PBXFileReference; lastKnownFileType = sourcecode.swift; path = AppDelegate.swift; sourceTree = "<group>"; };
		BC5827222AEAC921009840FB /* SceneDelegate.swift */ = {isa = PBXFileReference; lastKnownFileType = sourcecode.swift; path = SceneDelegate.swift; sourceTree = "<group>"; };
		BC5827292AEAC922009840FB /* Assets.xcassets */ = {isa = PBXFileReference; lastKnownFileType = folder.assetcatalog; path = Assets.xcassets; sourceTree = "<group>"; };
		BC58272C2AEAC922009840FB /* Base */ = {isa = PBXFileReference; lastKnownFileType = file.storyboard; name = Base; path = Base.lproj/LaunchScreen.storyboard; sourceTree = "<group>"; };
		BC58272E2AEAC922009840FB /* Info.plist */ = {isa = PBXFileReference; lastKnownFileType = text.plist.xml; path = Info.plist; sourceTree = "<group>"; };
		BC5827342AEAD0D6009840FB /* GHSearchViewController.swift */ = {isa = PBXFileReference; lastKnownFileType = sourcecode.swift; path = GHSearchViewController.swift; sourceTree = "<group>"; };
		BC5827362AEAD105009840FB /* GHFavoritesListViewController.swift */ = {isa = PBXFileReference; lastKnownFileType = sourcecode.swift; path = GHFavoritesListViewController.swift; sourceTree = "<group>"; };
		BC69A30C2AED00BF005AB436 /* GHButton.swift */ = {isa = PBXFileReference; lastKnownFileType = sourcecode.swift; path = GHButton.swift; sourceTree = "<group>"; };
		BC69A30E2AED052F005AB436 /* GHTextField.swift */ = {isa = PBXFileReference; lastKnownFileType = sourcecode.swift; path = GHTextField.swift; sourceTree = "<group>"; };
		BC69A3122AED1686005AB436 /* GHFollowerListViewController.swift */ = {isa = PBXFileReference; lastKnownFileType = sourcecode.swift; path = GHFollowerListViewController.swift; sourceTree = "<group>"; };
		BC69A3142AED1EBB005AB436 /* GHTitleLabel.swift */ = {isa = PBXFileReference; lastKnownFileType = sourcecode.swift; path = GHTitleLabel.swift; sourceTree = "<group>"; };
		BC69A3162AED2033005AB436 /* GHBodyLabel.swift */ = {isa = PBXFileReference; lastKnownFileType = sourcecode.swift; path = GHBodyLabel.swift; sourceTree = "<group>"; };
		BC69A3182AED211B005AB436 /* GHAlertViewController.swift */ = {isa = PBXFileReference; lastKnownFileType = sourcecode.swift; path = GHAlertViewController.swift; sourceTree = "<group>"; };
		BC69A31A2AED2839005AB436 /* UIViewController+Ext.swift */ = {isa = PBXFileReference; lastKnownFileType = sourcecode.swift; path = "UIViewController+Ext.swift"; sourceTree = "<group>"; };
/* End PBXFileReference section */

/* Begin PBXFrameworksBuildPhase section */
		BC58271A2AEAC921009840FB /* Frameworks */ = {
			isa = PBXFrameworksBuildPhase;
			buildActionMask = 2147483647;
			files = (
			);
			runOnlyForDeploymentPostprocessing = 0;
		};
/* End PBXFrameworksBuildPhase section */

/* Begin PBXGroup section */
		BC0A9FD02AEE50A800C6AEAF /* Model */ = {
			isa = PBXGroup;
			children = (
				BC0A9FD12AEE50C400C6AEAF /* Follower.swift */,
				BC0A9FD32AEE519200C6AEAF /* User.swift */,
			);
			path = Model;
			sourceTree = "<group>";
		};
		BC0A9FD52AEE57C200C6AEAF /* Managers */ = {
			isa = PBXGroup;
			children = (
				BC0A9FD62AEE57D300C6AEAF /* NetworkManager.swift */,
			);
			path = Managers;
			sourceTree = "<group>";
		};
		BC0A9FD82AEE658B00C6AEAF /* Utilities */ = {
			isa = PBXGroup;
			children = (
				BC0A9FE02AEFB6A300C6AEAF /* UIHelper.swift */,
				BC4DFC102AF0FD6B00C27076 /* GHError.swift */,
				BC4DFC162AF10A5500C27076 /* Constants.swift */,
			);
			path = Utilities;
			sourceTree = "<group>";
		};
		BC0A9FDB2AEF993B00C6AEAF /* Cells */ = {
			isa = PBXGroup;
			children = (
				BC0A9FDC2AEF999000C6AEAF /* FollowerCell.swift */,
			);
			path = Cells;
			sourceTree = "<group>";
		};
		BC0A9FE22AEFD47900C6AEAF /* ViewControllers */ = {
			isa = PBXGroup;
			children = (
				BC4DFC222AF11CCC00C27076 /* ItemInfoVC */,
				BC69A3182AED211B005AB436 /* GHAlertViewController.swift */,
				BC4DFC122AF100DF00C27076 /* GHUserInfoHeaderViewController.swift */,
			);
			path = ViewControllers;
			sourceTree = "<group>";
		};
		BC0A9FE52AEFD4EB00C6AEAF /* Buttons */ = {
			isa = PBXGroup;
			children = (
				BC69A30C2AED00BF005AB436 /* GHButton.swift */,
			);
			path = Buttons;
			sourceTree = "<group>";
		};
		BC0A9FE62AEFD4F500C6AEAF /* TextFields */ = {
			isa = PBXGroup;
			children = (
				BC69A30E2AED052F005AB436 /* GHTextField.swift */,
			);
			path = TextFields;
			sourceTree = "<group>";
		};
		BC0A9FE72AEFD50200C6AEAF /* Labels */ = {
			isa = PBXGroup;
			children = (
				BC69A3142AED1EBB005AB436 /* GHTitleLabel.swift */,
				BC69A3162AED2033005AB436 /* GHBodyLabel.swift */,
				BC4DFC142AF1015700C27076 /* GHSecondaryTitleLabel.swift */,
			);
			path = Labels;
			sourceTree = "<group>";
		};
		BC0A9FE82AEFD51F00C6AEAF /* ImageViews */ = {
			isa = PBXGroup;
			children = (
				BC0A9FDE2AEF9A7B00C6AEAF /* GHAvatarImageView.swift */,
			);
			path = ImageViews;
			sourceTree = "<group>";
		};
		BC0A9FE92AEFD56800C6AEAF /* Views */ = {
			isa = PBXGroup;
			children = (
				BC0A9FEA2AEFD58700C6AEAF /* GHEmptyStateView.swift */,
				BC4DFC182AF1131100C27076 /* GHItemInfoView.swift */,
			);
			path = Views;
			sourceTree = "<group>";
		};
		BC4DFC222AF11CCC00C27076 /* ItemInfoVC */ = {
			isa = PBXGroup;
			children = (
				BC4DFC1A2AF117C800C27076 /* GHItemInfoViewController.swift */,
				BC4DFC1E2AF11A9100C27076 /* GHRepoItemViewController.swift */,
				BC4DFC202AF11C8200C27076 /* GHFollowerItemViewController.swift */,
			);
			path = ItemInfoVC;
			sourceTree = "<group>";
		};
		BC5827142AEAC921009840FB = {
			isa = PBXGroup;
			children = (
				BC58271F2AEAC921009840FB /* GithubProject */,
				BC58271E2AEAC921009840FB /* Products */,
			);
			sourceTree = "<group>";
		};
		BC58271E2AEAC921009840FB /* Products */ = {
			isa = PBXGroup;
			children = (
				BC58271D2AEAC921009840FB /* GithubProject.app */,
			);
			name = Products;
			sourceTree = "<group>";
		};
		BC58271F2AEAC921009840FB /* GithubProject */ = {
			isa = PBXGroup;
			children = (
				BC0A9FD82AEE658B00C6AEAF /* Utilities */,
				BC0A9FD52AEE57C200C6AEAF /* Managers */,
				BC0A9FD02AEE50A800C6AEAF /* Model */,
				BC69A31F2AED2CC1005AB436 /* Support */,
				BC69A31E2AED2C55005AB436 /* Extensions */,
				BC69A31D2AED2BFA005AB436 /* Custom Views */,
				BC69A31C2AED2B67005AB436 /* Screens */,
			);
			path = GithubProject;
			sourceTree = "<group>";
		};
		BC69A31C2AED2B67005AB436 /* Screens */ = {
			isa = PBXGroup;
			children = (
				BC5827342AEAD0D6009840FB /* GHSearchViewController.swift */,
				BC69A3122AED1686005AB436 /* GHFollowerListViewController.swift */,
				BC4DFC0E2AF0EFEB00C27076 /* UserInfoViewController.swift */,
				BC5827362AEAD105009840FB /* GHFavoritesListViewController.swift */,
			);
			path = Screens;
			sourceTree = "<group>";
		};
		BC69A31D2AED2BFA005AB436 /* Custom Views */ = {
			isa = PBXGroup;
			children = (
				BC0A9FE92AEFD56800C6AEAF /* Views */,
				BC0A9FE82AEFD51F00C6AEAF /* ImageViews */,
				BC0A9FE72AEFD50200C6AEAF /* Labels */,
				BC0A9FE62AEFD4F500C6AEAF /* TextFields */,
				BC0A9FE52AEFD4EB00C6AEAF /* Buttons */,
				BC0A9FE22AEFD47900C6AEAF /* ViewControllers */,
				BC0A9FDB2AEF993B00C6AEAF /* Cells */,
			);
			path = "Custom Views";
			sourceTree = "<group>";
		};
		BC69A31E2AED2C55005AB436 /* Extensions */ = {
			isa = PBXGroup;
			children = (
				BC69A31A2AED2839005AB436 /* UIViewController+Ext.swift */,
				BC49159F2AF3A4DA005DAB5E /* Date+Ext.swift */,
				BC4915A12AF3A51A005DAB5E /* String+Ext.swift */,
			);
			path = Extensions;
			sourceTree = "<group>";
		};
		BC69A31F2AED2CC1005AB436 /* Support */ = {
			isa = PBXGroup;
			children = (
				BC5827202AEAC921009840FB /* AppDelegate.swift */,
				BC5827222AEAC921009840FB /* SceneDelegate.swift */,
				BC5827292AEAC922009840FB /* Assets.xcassets */,
				BC58272B2AEAC922009840FB /* LaunchScreen.storyboard */,
				BC58272E2AEAC922009840FB /* Info.plist */,
			);
			path = Support;
			sourceTree = "<group>";
		};
/* End PBXGroup section */

/* Begin PBXNativeTarget section */
		BC58271C2AEAC921009840FB /* GithubProject */ = {
			isa = PBXNativeTarget;
			buildConfigurationList = BC5827312AEAC922009840FB /* Build configuration list for PBXNativeTarget "GithubProject" */;
			buildPhases = (
				BC5827192AEAC921009840FB /* Sources */,
				BC58271A2AEAC921009840FB /* Frameworks */,
				BC58271B2AEAC921009840FB /* Resources */,
			);
			buildRules = (
			);
			dependencies = (
			);
			name = GithubProject;
			productName = GithubProject;
			productReference = BC58271D2AEAC921009840FB /* GithubProject.app */;
			productType = "com.apple.product-type.application";
		};
/* End PBXNativeTarget section */

/* Begin PBXProject section */
		BC5827152AEAC921009840FB /* Project object */ = {
			isa = PBXProject;
			attributes = {
				BuildIndependentTargetsInParallel = 1;
				LastSwiftUpdateCheck = 1420;
				LastUpgradeCheck = 1420;
				TargetAttributes = {
					BC58271C2AEAC921009840FB = {
						CreatedOnToolsVersion = 14.2;
					};
				};
			};
			buildConfigurationList = BC5827182AEAC921009840FB /* Build configuration list for PBXProject "GithubProject" */;
			compatibilityVersion = "Xcode 14.0";
			developmentRegion = en;
			hasScannedForEncodings = 0;
			knownRegions = (
				en,
				Base,
			);
			mainGroup = BC5827142AEAC921009840FB;
			productRefGroup = BC58271E2AEAC921009840FB /* Products */;
			projectDirPath = "";
			projectRoot = "";
			targets = (
				BC58271C2AEAC921009840FB /* GithubProject */,
			);
		};
/* End PBXProject section */

/* Begin PBXResourcesBuildPhase section */
		BC58271B2AEAC921009840FB /* Resources */ = {
			isa = PBXResourcesBuildPhase;
			buildActionMask = 2147483647;
			files = (
				BC58272D2AEAC922009840FB /* LaunchScreen.storyboard in Resources */,
				BC58272A2AEAC922009840FB /* Assets.xcassets in Resources */,
			);
			runOnlyForDeploymentPostprocessing = 0;
		};
/* End PBXResourcesBuildPhase section */

/* Begin PBXSourcesBuildPhase section */
		BC5827192AEAC921009840FB /* Sources */ = {
			isa = PBXSourcesBuildPhase;
			buildActionMask = 2147483647;
			files = (
				BC0A9FD42AEE519200C6AEAF /* User.swift in Sources */,
				BC69A3152AED1EBB005AB436 /* GHTitleLabel.swift in Sources */,
				BC4DFC132AF100DF00C27076 /* GHUserInfoHeaderViewController.swift in Sources */,
				BC4915A22AF3A51A005DAB5E /* String+Ext.swift in Sources */,
				BC4DFC152AF1015700C27076 /* GHSecondaryTitleLabel.swift in Sources */,
				BC69A30D2AED00BF005AB436 /* GHButton.swift in Sources */,
				BC69A31B2AED2839005AB436 /* UIViewController+Ext.swift in Sources */,
				BC4DFC172AF10A5500C27076 /* Constants.swift in Sources */,
				BC5827372AEAD105009840FB /* GHFavoritesListViewController.swift in Sources */,
				BC0A9FE12AEFB6A300C6AEAF /* UIHelper.swift in Sources */,
				BC69A3192AED211B005AB436 /* GHAlertViewController.swift in Sources */,
				BC4DFC1B2AF117C800C27076 /* GHItemInfoViewController.swift in Sources */,
				BC69A30F2AED052F005AB436 /* GHTextField.swift in Sources */,
				BC0A9FDD2AEF999000C6AEAF /* FollowerCell.swift in Sources */,
				BC4DFC192AF1131100C27076 /* GHItemInfoView.swift in Sources */,
				BC4DFC112AF0FD6B00C27076 /* GHError.swift in Sources */,
				BC5827212AEAC921009840FB /* AppDelegate.swift in Sources */,
				BC0A9FD22AEE50C400C6AEAF /* Follower.swift in Sources */,
				BC69A3132AED1686005AB436 /* GHFollowerListViewController.swift in Sources */,
				BC0A9FD72AEE57D300C6AEAF /* NetworkManager.swift in Sources */,
				BC4915A02AF3A4DA005DAB5E /* Date+Ext.swift in Sources */,
				BC0A9FDF2AEF9A7B00C6AEAF /* GHAvatarImageView.swift in Sources */,
				BC5827232AEAC921009840FB /* SceneDelegate.swift in Sources */,
				BC5827352AEAD0D6009840FB /* GHSearchViewController.swift in Sources */,
				BC4DFC212AF11C8200C27076 /* GHFollowerItemViewController.swift in Sources */,
				BC4DFC1F2AF11A9100C27076 /* GHRepoItemViewController.swift in Sources */,
				BC4DFC0F2AF0EFEB00C27076 /* UserInfoViewController.swift in Sources */,
				BC0A9FEB2AEFD58700C6AEAF /* GHEmptyStateView.swift in Sources */,
				BC69A3172AED2033005AB436 /* GHBodyLabel.swift in Sources */,
			);
			runOnlyForDeploymentPostprocessing = 0;
		};
/* End PBXSourcesBuildPhase section */

/* Begin PBXVariantGroup section */
		BC58272B2AEAC922009840FB /* LaunchScreen.storyboard */ = {
			isa = PBXVariantGroup;
			children = (
				BC58272C2AEAC922009840FB /* Base */,
			);
			name = LaunchScreen.storyboard;
			sourceTree = "<group>";
		};
/* End PBXVariantGroup section */

/* Begin XCBuildConfiguration section */
		BC58272F2AEAC922009840FB /* Debug */ = {
			isa = XCBuildConfiguration;
			buildSettings = {
				ALWAYS_SEARCH_USER_PATHS = NO;
				CLANG_ANALYZER_NONNULL = YES;
				CLANG_ANALYZER_NUMBER_OBJECT_CONVERSION = YES_AGGRESSIVE;
				CLANG_CXX_LANGUAGE_STANDARD = "gnu++20";
				CLANG_ENABLE_MODULES = YES;
				CLANG_ENABLE_OBJC_ARC = YES;
				CLANG_ENABLE_OBJC_WEAK = YES;
				CLANG_WARN_BLOCK_CAPTURE_AUTORELEASING = YES;
				CLANG_WARN_BOOL_CONVERSION = YES;
				CLANG_WARN_COMMA = YES;
				CLANG_WARN_CONSTANT_CONVERSION = YES;
				CLANG_WARN_DEPRECATED_OBJC_IMPLEMENTATIONS = YES;
				CLANG_WARN_DIRECT_OBJC_ISA_USAGE = YES_ERROR;
				CLANG_WARN_DOCUMENTATION_COMMENTS = YES;
				CLANG_WARN_EMPTY_BODY = YES;
				CLANG_WARN_ENUM_CONVERSION = YES;
				CLANG_WARN_INFINITE_RECURSION = YES;
				CLANG_WARN_INT_CONVERSION = YES;
				CLANG_WARN_NON_LITERAL_NULL_CONVERSION = YES;
				CLANG_WARN_OBJC_IMPLICIT_RETAIN_SELF = YES;
				CLANG_WARN_OBJC_LITERAL_CONVERSION = YES;
				CLANG_WARN_OBJC_ROOT_CLASS = YES_ERROR;
				CLANG_WARN_QUOTED_INCLUDE_IN_FRAMEWORK_HEADER = YES;
				CLANG_WARN_RANGE_LOOP_ANALYSIS = YES;
				CLANG_WARN_STRICT_PROTOTYPES = YES;
				CLANG_WARN_SUSPICIOUS_MOVE = YES;
				CLANG_WARN_UNGUARDED_AVAILABILITY = YES_AGGRESSIVE;
				CLANG_WARN_UNREACHABLE_CODE = YES;
				CLANG_WARN__DUPLICATE_METHOD_MATCH = YES;
				COPY_PHASE_STRIP = NO;
				DEBUG_INFORMATION_FORMAT = dwarf;
				ENABLE_STRICT_OBJC_MSGSEND = YES;
				ENABLE_TESTABILITY = YES;
				GCC_C_LANGUAGE_STANDARD = gnu11;
				GCC_DYNAMIC_NO_PIC = NO;
				GCC_NO_COMMON_BLOCKS = YES;
				GCC_OPTIMIZATION_LEVEL = 0;
				GCC_PREPROCESSOR_DEFINITIONS = (
					"DEBUG=1",
					"$(inherited)",
				);
				GCC_WARN_64_TO_32_BIT_CONVERSION = YES;
				GCC_WARN_ABOUT_RETURN_TYPE = YES_ERROR;
				GCC_WARN_UNDECLARED_SELECTOR = YES;
				GCC_WARN_UNINITIALIZED_AUTOS = YES_AGGRESSIVE;
				GCC_WARN_UNUSED_FUNCTION = YES;
				GCC_WARN_UNUSED_VARIABLE = YES;
				IPHONEOS_DEPLOYMENT_TARGET = 16.2;
				MTL_ENABLE_DEBUG_INFO = INCLUDE_SOURCE;
				MTL_FAST_MATH = YES;
				ONLY_ACTIVE_ARCH = YES;
				SDKROOT = iphoneos;
				SWIFT_ACTIVE_COMPILATION_CONDITIONS = DEBUG;
				SWIFT_OPTIMIZATION_LEVEL = "-Onone";
			};
			name = Debug;
		};
		BC5827302AEAC922009840FB /* Release */ = {
			isa = XCBuildConfiguration;
			buildSettings = {
				ALWAYS_SEARCH_USER_PATHS = NO;
				CLANG_ANALYZER_NONNULL = YES;
				CLANG_ANALYZER_NUMBER_OBJECT_CONVERSION = YES_AGGRESSIVE;
				CLANG_CXX_LANGUAGE_STANDARD = "gnu++20";
				CLANG_ENABLE_MODULES = YES;
				CLANG_ENABLE_OBJC_ARC = YES;
				CLANG_ENABLE_OBJC_WEAK = YES;
				CLANG_WARN_BLOCK_CAPTURE_AUTORELEASING = YES;
				CLANG_WARN_BOOL_CONVERSION = YES;
				CLANG_WARN_COMMA = YES;
				CLANG_WARN_CONSTANT_CONVERSION = YES;
				CLANG_WARN_DEPRECATED_OBJC_IMPLEMENTATIONS = YES;
				CLANG_WARN_DIRECT_OBJC_ISA_USAGE = YES_ERROR;
				CLANG_WARN_DOCUMENTATION_COMMENTS = YES;
				CLANG_WARN_EMPTY_BODY = YES;
				CLANG_WARN_ENUM_CONVERSION = YES;
				CLANG_WARN_INFINITE_RECURSION = YES;
				CLANG_WARN_INT_CONVERSION = YES;
				CLANG_WARN_NON_LITERAL_NULL_CONVERSION = YES;
				CLANG_WARN_OBJC_IMPLICIT_RETAIN_SELF = YES;
				CLANG_WARN_OBJC_LITERAL_CONVERSION = YES;
				CLANG_WARN_OBJC_ROOT_CLASS = YES_ERROR;
				CLANG_WARN_QUOTED_INCLUDE_IN_FRAMEWORK_HEADER = YES;
				CLANG_WARN_RANGE_LOOP_ANALYSIS = YES;
				CLANG_WARN_STRICT_PROTOTYPES = YES;
				CLANG_WARN_SUSPICIOUS_MOVE = YES;
				CLANG_WARN_UNGUARDED_AVAILABILITY = YES_AGGRESSIVE;
				CLANG_WARN_UNREACHABLE_CODE = YES;
				CLANG_WARN__DUPLICATE_METHOD_MATCH = YES;
				COPY_PHASE_STRIP = NO;
				DEBUG_INFORMATION_FORMAT = "dwarf-with-dsym";
				ENABLE_NS_ASSERTIONS = NO;
				ENABLE_STRICT_OBJC_MSGSEND = YES;
				GCC_C_LANGUAGE_STANDARD = gnu11;
				GCC_NO_COMMON_BLOCKS = YES;
				GCC_WARN_64_TO_32_BIT_CONVERSION = YES;
				GCC_WARN_ABOUT_RETURN_TYPE = YES_ERROR;
				GCC_WARN_UNDECLARED_SELECTOR = YES;
				GCC_WARN_UNINITIALIZED_AUTOS = YES_AGGRESSIVE;
				GCC_WARN_UNUSED_FUNCTION = YES;
				GCC_WARN_UNUSED_VARIABLE = YES;
				IPHONEOS_DEPLOYMENT_TARGET = 16.2;
				MTL_ENABLE_DEBUG_INFO = NO;
				MTL_FAST_MATH = YES;
				SDKROOT = iphoneos;
				SWIFT_COMPILATION_MODE = wholemodule;
				SWIFT_OPTIMIZATION_LEVEL = "-O";
				VALIDATE_PRODUCT = YES;
			};
			name = Release;
		};
		BC5827322AEAC922009840FB /* Debug */ = {
			isa = XCBuildConfiguration;
			buildSettings = {
				ASSETCATALOG_COMPILER_APPICON_NAME = AppIcon;
				ASSETCATALOG_COMPILER_GLOBAL_ACCENT_COLOR_NAME = AccentColor;
				CODE_SIGN_STYLE = Automatic;
				CURRENT_PROJECT_VERSION = 1;
				DEVELOPMENT_TEAM = Y9LPAKA88K;
				GENERATE_INFOPLIST_FILE = YES;
				INFOPLIST_FILE = GithubProject/Support/Info.plist;
				INFOPLIST_KEY_UIApplicationSupportsIndirectInputEvents = YES;
				INFOPLIST_KEY_UILaunchStoryboardName = LaunchScreen;
				INFOPLIST_KEY_UISupportedInterfaceOrientations = UIInterfaceOrientationPortrait;
				LD_RUNPATH_SEARCH_PATHS = (
					"$(inherited)",
					"@executable_path/Frameworks",
				);
				MARKETING_VERSION = 1.0;
				PRODUCT_BUNDLE_IDENTIFIER = com.talhademirkan.GithubProject;
				PRODUCT_NAME = "$(TARGET_NAME)";
				SUPPORTED_PLATFORMS = "iphoneos iphonesimulator";
				SUPPORTS_MACCATALYST = NO;
				SUPPORTS_MAC_DESIGNED_FOR_IPHONE_IPAD = YES;
				SWIFT_EMIT_LOC_STRINGS = YES;
				SWIFT_VERSION = 5.0;
				TARGETED_DEVICE_FAMILY = 1;
			};
			name = Debug;
		};
		BC5827332AEAC922009840FB /* Release */ = {
			isa = XCBuildConfiguration;
			buildSettings = {
				ASSETCATALOG_COMPILER_APPICON_NAME = AppIcon;
				ASSETCATALOG_COMPILER_GLOBAL_ACCENT_COLOR_NAME = AccentColor;
				CODE_SIGN_STYLE = Automatic;
				CURRENT_PROJECT_VERSION = 1;
				DEVELOPMENT_TEAM = Y9LPAKA88K;
				GENERATE_INFOPLIST_FILE = YES;
				INFOPLIST_FILE = GithubProject/Support/Info.plist;
				INFOPLIST_KEY_UIApplicationSupportsIndirectInputEvents = YES;
				INFOPLIST_KEY_UILaunchStoryboardName = LaunchScreen;
				INFOPLIST_KEY_UISupportedInterfaceOrientations = UIInterfaceOrientationPortrait;
				LD_RUNPATH_SEARCH_PATHS = (
					"$(inherited)",
					"@executable_path/Frameworks",
				);
				MARKETING_VERSION = 1.0;
				PRODUCT_BUNDLE_IDENTIFIER = com.talhademirkan.GithubProject;
				PRODUCT_NAME = "$(TARGET_NAME)";
				SUPPORTED_PLATFORMS = "iphoneos iphonesimulator";
				SUPPORTS_MACCATALYST = NO;
				SUPPORTS_MAC_DESIGNED_FOR_IPHONE_IPAD = YES;
				SWIFT_EMIT_LOC_STRINGS = YES;
				SWIFT_VERSION = 5.0;
				TARGETED_DEVICE_FAMILY = 1;
			};
			name = Release;
		};
/* End XCBuildConfiguration section */

/* Begin XCConfigurationList section */
		BC5827182AEAC921009840FB /* Build configuration list for PBXProject "GithubProject" */ = {
			isa = XCConfigurationList;
			buildConfigurations = (
				BC58272F2AEAC922009840FB /* Debug */,
				BC5827302AEAC922009840FB /* Release */,
			);
			defaultConfigurationIsVisible = 0;
			defaultConfigurationName = Release;
		};
		BC5827312AEAC922009840FB /* Build configuration list for PBXNativeTarget "GithubProject" */ = {
			isa = XCConfigurationList;
			buildConfigurations = (
				BC5827322AEAC922009840FB /* Debug */,
				BC5827332AEAC922009840FB /* Release */,
			);
			defaultConfigurationIsVisible = 0;
			defaultConfigurationName = Release;
		};
/* End XCConfigurationList section */
	};
	rootObject = BC5827152AEAC921009840FB /* Project object */;
}
